
Microsoft Visual Studio Solution File, Format Version 12.00
# Visual Studio Version 17
VisualStudioVersion = 17.4.33110.190
MinimumVisualStudioVersion = 10.0.40219.1
Project("{FAE04EC0-301F-11D3-BF4B-00C04F79EFBC}") = "Fresh", "Fresh\Fresh.csproj", "{32FD648C-9E33-4C0F-BEA0-04393C986B0B}"
EndProject
Global
	GlobalSection(SolutionConfigurationPlatforms) = preSolution
		Debug|Any CPU = Debug|Any CPU
		Release|Any CPU = Release|Any CPU
	EndGlobalSection
	GlobalSection(ProjectConfigurationPlatforms) = postSolution
		{32FD648C-9E33-4C0F-BEA0-04393C986B0B}.Debug|Any CPU.ActiveCfg = Debug|Any CPU
		{32FD648C-9E33-4C0F-BEA0-04393C986B0B}.Debug|Any CPU.Build.0 = Debug|Any CPU
		{32FD648C-9E33-4C0F-BEA0-04393C986B0B}.Release|Any CPU.ActiveCfg = Release|Any CPU
		{32FD648C-9E33-4C0F-BEA0-04393C986B0B}.Release|Any CPU.Build.0 = Release|Any CPU
	EndGlobalSection
	GlobalSection(SolutionProperties) = preSolution
		HideSolutionNode = FALSE
	EndGlobalSection
	GlobalSection(ExtensibilityGlobals) = postSolution
		SolutionGuid = {CF84D280-F131-40DC-BDFA-8C9BF728B730}
	EndGlobalSection
EndGlobal
